
Microsoft Visual Studio Solution File, Format Version 12.00
# Visual Studio Version 16
VisualStudioVersion = 16.0.30002.166
MinimumVisualStudioVersion = 10.0.40219.1
Project("{FAE04EC0-301F-11D3-BF4B-00C04F79EFBC}") = "BuildingShop", "BuildingShop\BuildingShop.csproj", "{CA1E5B1C-4E69-4109-A804-44968565FB3C}"
EndProject
Global
	GlobalSection(SolutionConfigurationPlatforms) = preSolution
		Debug|Any CPU = Debug|Any CPU
		Release|Any CPU = Release|Any CPU
	EndGlobalSection
	GlobalSection(ProjectConfigurationPlatforms) = postSolution
		{CA1E5B1C-4E69-4109-A804-44968565FB3C}.Debug|Any CPU.ActiveCfg = Debug|Any CPU
		{CA1E5B1C-4E69-4109-A804-44968565FB3C}.Debug|Any CPU.Build.0 = Debug|Any CPU
		{CA1E5B1C-4E69-4109-A804-44968565FB3C}.Release|Any CPU.ActiveCfg = Release|Any CPU
		{CA1E5B1C-4E69-4109-A804-44968565FB3C}.Release|Any CPU.Build.0 = Release|Any CPU
	EndGlobalSection
	GlobalSection(SolutionProperties) = preSolution
		HideSolutionNode = FALSE
	EndGlobalSection
	GlobalSection(ExtensibilityGlobals) = postSolution
		SolutionGuid = {2A215594-D12A-47E9-904F-030FA6721EC8}
	EndGlobalSection
EndGlobal
